
Microsoft Visual Studio Solution File, Format Version 12.00
# Visual Studio 2013
VisualStudioVersion = 12.0.30723.0
MinimumVisualStudioVersion = 10.0.40219.1
Project("{2150E333-8FDC-42A3-9474-1A3956D46DE8}") = "wangyigame", "wangyigame", "{EF9F3DEF-08BB-4818-9456-B41BEC5FAD01}"
EndProject
Project("{2150E333-8FDC-42A3-9474-1A3956D46DE8}") = "google", "google", "{280607B3-5585-45AB-8C49-C9E6EFF5F84F}"
EndProject
Project("{2150E333-8FDC-42A3-9474-1A3956D46DE8}") = "d20150915", "d20150915", "{22A4DA6A-F31A-4F01-A869-BA1CD2B32663}"
EndProject
Project("{8BC9CEB8-8B4A-11D0-8D11-00A0C91BC942}") = "wangyigame1", "wangyigame1\wangyigame1.vcxproj", "{6351A690-71FF-453A-B198-1EED0C32CADA}"
EndProject
Project("{8BC9CEB8-8B4A-11D0-8D11-00A0C91BC942}") = "wangyigame2", "wangyigame2\wangyigame2.vcxproj", "{4888BC53-4115-477A-AA9C-BBC7C60FCF27}"
EndProject
Project("{2150E333-8FDC-42A3-9474-1A3956D46DE8}") = "d20150815", "d20150815", "{2B7960F5-BE39-42A8-BD5F-84957D800323}"
EndProject
Project("{8BC9CEB8-8B4A-11D0-8D11-00A0C91BC942}") = "google1", "google1\google1.vcxproj", "{2C9CC306-989E-46D7-943F-103BA9D3BC7F}"
EndProject
Project("{8BC9CEB8-8B4A-11D0-8D11-00A0C91BC942}") = "google2", "google2\google2.vcxproj", "{1048CF23-984A-4181-9DAF-6ADD340E660B}"
EndProject
Project("{8BC9CEB8-8B4A-11D0-8D11-00A0C91BC942}") = "google3", "google3\google3.vcxproj", "{F358C934-72E2-42BD-95BF-845DC3BCD34B}"
EndProject
Project("{8BC9CEB8-8B4A-11D0-8D11-00A0C91BC942}") = "wangyigame5", "wangyigame5\wangyigame5.vcxproj", "{8582E7BC-268D-4E7A-AA80-0E6863D156D1}"
EndProject
Project("{2150E333-8FDC-42A3-9474-1A3956D46DE8}") = "qunaer", "qunaer", "{E06E901A-C07A-4EC8-ABF1-06D6FC71249E}"
EndProject
Project("{2150E333-8FDC-42A3-9474-1A3956D46DE8}") = "d20150921", "d20150921", "{5229A556-B974-499B-9ED0-36CC0C18F492}"
EndProject
Project("{8BC9CEB8-8B4A-11D0-8D11-00A0C91BC942}") = "qunaer1", "qunaer1\qunaer1.vcxproj", "{3B5EFE68-8953-4916-A16A-B0CB71D3C611}"
EndProject
Project("{8BC9CEB8-8B4A-11D0-8D11-00A0C91BC942}") = "qunaer2", "qunaer2\qunaer2.vcxproj", "{B77F5A3A-3314-4914-8E93-1F4F17EF1C6D}"
EndProject
Global
	GlobalSection(SolutionConfigurationPlatforms) = preSolution
		Debug|Win32 = Debug|Win32
		Release|Win32 = Release|Win32
	EndGlobalSection
	GlobalSection(ProjectConfigurationPlatforms) = postSolution
		{6351A690-71FF-453A-B198-1EED0C32CADA}.Debug|Win32.ActiveCfg = Debug|Win32
		{6351A690-71FF-453A-B198-1EED0C32CADA}.Debug|Win32.Build.0 = Debug|Win32
		{6351A690-71FF-453A-B198-1EED0C32CADA}.Release|Win32.ActiveCfg = Release|Win32
		{6351A690-71FF-453A-B198-1EED0C32CADA}.Release|Win32.Build.0 = Release|Win32
		{4888BC53-4115-477A-AA9C-BBC7C60FCF27}.Debug|Win32.ActiveCfg = Debug|Win32
		{4888BC53-4115-477A-AA9C-BBC7C60FCF27}.Debug|Win32.Build.0 = Debug|Win32
		{4888BC53-4115-477A-AA9C-BBC7C60FCF27}.Release|Win32.ActiveCfg = Release|Win32
		{4888BC53-4115-477A-AA9C-BBC7C60FCF27}.Release|Win32.Build.0 = Release|Win32
		{2C9CC306-989E-46D7-943F-103BA9D3BC7F}.Debug|Win32.ActiveCfg = Debug|Win32
		{2C9CC306-989E-46D7-943F-103BA9D3BC7F}.Debug|Win32.Build.0 = Debug|Win32
		{2C9CC306-989E-46D7-943F-103BA9D3BC7F}.Release|Win32.ActiveCfg = Release|Win32
		{2C9CC306-989E-46D7-943F-103BA9D3BC7F}.Release|Win32.Build.0 = Release|Win32
		{1048CF23-984A-4181-9DAF-6ADD340E660B}.Debug|Win32.ActiveCfg = Debug|Win32
		{1048CF23-984A-4181-9DAF-6ADD340E660B}.Debug|Win32.Build.0 = Debug|Win32
		{1048CF23-984A-4181-9DAF-6ADD340E660B}.Release|Win32.ActiveCfg = Release|Win32
		{1048CF23-984A-4181-9DAF-6ADD340E660B}.Release|Win32.Build.0 = Release|Win32
		{F358C934-72E2-42BD-95BF-845DC3BCD34B}.Debug|Win32.ActiveCfg = Debug|Win32
		{F358C934-72E2-42BD-95BF-845DC3BCD34B}.Debug|Win32.Build.0 = Debug|Win32
		{F358C934-72E2-42BD-95BF-845DC3BCD34B}.Release|Win32.ActiveCfg = Release|Win32
		{F358C934-72E2-42BD-95BF-845DC3BCD34B}.Release|Win32.Build.0 = Release|Win32
		{8582E7BC-268D-4E7A-AA80-0E6863D156D1}.Debug|Win32.ActiveCfg = Debug|Win32
		{8582E7BC-268D-4E7A-AA80-0E6863D156D1}.Debug|Win32.Build.0 = Debug|Win32
		{8582E7BC-268D-4E7A-AA80-0E6863D156D1}.Release|Win32.ActiveCfg = Release|Win32
		{8582E7BC-268D-4E7A-AA80-0E6863D156D1}.Release|Win32.Build.0 = Release|Win32
		{3B5EFE68-8953-4916-A16A-B0CB71D3C611}.Debug|Win32.ActiveCfg = Debug|Win32
		{3B5EFE68-8953-4916-A16A-B0CB71D3C611}.Debug|Win32.Build.0 = Debug|Win32
		{3B5EFE68-8953-4916-A16A-B0CB71D3C611}.Release|Win32.ActiveCfg = Release|Win32
		{3B5EFE68-8953-4916-A16A-B0CB71D3C611}.Release|Win32.Build.0 = Release|Win32
		{B77F5A3A-3314-4914-8E93-1F4F17EF1C6D}.Debug|Win32.ActiveCfg = Debug|Win32
		{B77F5A3A-3314-4914-8E93-1F4F17EF1C6D}.Debug|Win32.Build.0 = Debug|Win32
		{B77F5A3A-3314-4914-8E93-1F4F17EF1C6D}.Release|Win32.ActiveCfg = Release|Win32
		{B77F5A3A-3314-4914-8E93-1F4F17EF1C6D}.Release|Win32.Build.0 = Release|Win32
	EndGlobalSection
	GlobalSection(SolutionProperties) = preSolution
		HideSolutionNode = FALSE
	EndGlobalSection
	GlobalSection(NestedProjects) = preSolution
		{22A4DA6A-F31A-4F01-A869-BA1CD2B32663} = {EF9F3DEF-08BB-4818-9456-B41BEC5FAD01}
		{6351A690-71FF-453A-B198-1EED0C32CADA} = {22A4DA6A-F31A-4F01-A869-BA1CD2B32663}
		{4888BC53-4115-477A-AA9C-BBC7C60FCF27} = {22A4DA6A-F31A-4F01-A869-BA1CD2B32663}
		{2B7960F5-BE39-42A8-BD5F-84957D800323} = {280607B3-5585-45AB-8C49-C9E6EFF5F84F}
		{2C9CC306-989E-46D7-943F-103BA9D3BC7F} = {2B7960F5-BE39-42A8-BD5F-84957D800323}
		{1048CF23-984A-4181-9DAF-6ADD340E660B} = {2B7960F5-BE39-42A8-BD5F-84957D800323}
		{F358C934-72E2-42BD-95BF-845DC3BCD34B} = {2B7960F5-BE39-42A8-BD5F-84957D800323}
		{8582E7BC-268D-4E7A-AA80-0E6863D156D1} = {22A4DA6A-F31A-4F01-A869-BA1CD2B32663}
		{5229A556-B974-499B-9ED0-36CC0C18F492} = {E06E901A-C07A-4EC8-ABF1-06D6FC71249E}
		{3B5EFE68-8953-4916-A16A-B0CB71D3C611} = {5229A556-B974-499B-9ED0-36CC0C18F492}
		{B77F5A3A-3314-4914-8E93-1F4F17EF1C6D} = {5229A556-B974-499B-9ED0-36CC0C18F492}
	EndGlobalSection
EndGlobal
